
Microsoft Visual Studio Solution File, Format Version 12.00
# Visual Studio Version 17
VisualStudioVersion = 17.13.35818.85 d17.13
MinimumVisualStudioVersion = 10.0.40219.1
Project("{8BC9CEB8-8B4A-11D0-8D11-00A0C91BC942}") = "laba888", "laba888\laba888.vcxproj", "{0C14F351-3500-4363-8B56-58D5FF0F1720}"
EndProject
Global
	GlobalSection(SolutionConfigurationPlatforms) = preSolution
		Debug|x64 = Debug|x64
		Debug|x86 = Debug|x86
		Release|x64 = Release|x64
		Release|x86 = Release|x86
	EndGlobalSection
	GlobalSection(ProjectConfigurationPlatforms) = postSolution
		{0C14F351-3500-4363-8B56-58D5FF0F1720}.Debug|x64.ActiveCfg = Debug|x64
		{0C14F351-3500-4363-8B56-58D5FF0F1720}.Debug|x64.Build.0 = Debug|x64
		{0C14F351-3500-4363-8B56-58D5FF0F1720}.Debug|x86.ActiveCfg = Debug|Win32
		{0C14F351-3500-4363-8B56-58D5FF0F1720}.Debug|x86.Build.0 = Debug|Win32
		{0C14F351-3500-4363-8B56-58D5FF0F1720}.Release|x64.ActiveCfg = Release|x64
		{0C14F351-3500-4363-8B56-58D5FF0F1720}.Release|x64.Build.0 = Release|x64
		{0C14F351-3500-4363-8B56-58D5FF0F1720}.Release|x86.ActiveCfg = Release|Win32
		{0C14F351-3500-4363-8B56-58D5FF0F1720}.Release|x86.Build.0 = Release|Win32
	EndGlobalSection
	GlobalSection(SolutionProperties) = preSolution
		HideSolutionNode = FALSE
	EndGlobalSection
	GlobalSection(ExtensibilityGlobals) = postSolution
		SolutionGuid = {88D14B76-CA5A-4C61-B0E2-2FA264FB2A80}
	EndGlobalSection
EndGlobal
